
Microsoft Visual Studio Solution File, Format Version 12.00
# Visual Studio Version 17
VisualStudioVersion = 17.10.35013.160
MinimumVisualStudioVersion = 10.0.40219.1
Project("{FAE04EC0-301F-11D3-BF4B-00C04F79EFBC}") = "RegresionLilnealEducacion", "RegresionLilnealEducacion\RegresionLilnealEducacion.csproj", "{EEF09F82-D033-435E-A8B4-CE77F7B8FE7E}"
EndProject
Global
	GlobalSection(SolutionConfigurationPlatforms) = preSolution
		Debug|Any CPU = Debug|Any CPU
		Release|Any CPU = Release|Any CPU
	EndGlobalSection
	GlobalSection(ProjectConfigurationPlatforms) = postSolution
		{EEF09F82-D033-435E-A8B4-CE77F7B8FE7E}.Debug|Any CPU.ActiveCfg = Debug|Any CPU
		{EEF09F82-D033-435E-A8B4-CE77F7B8FE7E}.Debug|Any CPU.Build.0 = Debug|Any CPU
		{EEF09F82-D033-435E-A8B4-CE77F7B8FE7E}.Release|Any CPU.ActiveCfg = Release|Any CPU
		{EEF09F82-D033-435E-A8B4-CE77F7B8FE7E}.Release|Any CPU.Build.0 = Release|Any CPU
	EndGlobalSection
	GlobalSection(SolutionProperties) = preSolution
		HideSolutionNode = FALSE
	EndGlobalSection
	GlobalSection(ExtensibilityGlobals) = postSolution
		SolutionGuid = {D20A42FE-05CE-47CA-874A-A2F97C7D86D7}
	EndGlobalSection
EndGlobal
